Microsoft Visual Studio Solution File, Format Version 12.00
# Visual Studio Version 18
VisualStudioVersion = 18.6.11716.218 insiders
MinimumVisualStudioVersion = 10.0.40219.1
Project("{FAE04EC0-301F-11D3-BF4B-00C04F79EFBC}") = "Wallet.Core.Model", "Wallet.Core.Model\Wallet.Core.Model.csproj", "{C3D2A1F0-9E8D-4C7B-A6F5-4D3E2C1B0A98}"
EndProject
Project("{FAE04EC0-301F-11D3-BF4B-00C04F79EFBC}") = "Wallet.Core.Data", "Wallet.Core.Data\Wallet.Core.Data.csproj", "{B86D5E7B-9372-412D-8083-5397637C61BF}"
EndProject
Project("{FAE04EC0-301F-11D3-BF4B-00C04F79EFBC}") = "Wallet.Core.Api", "Wallet.Core.Api\Wallet.Core.Api.csproj", "{A1B2C3D4-E5F6-4789-A012-3456789ABCDE}"
EndProject
Project("{FAE04EC0-301F-11D3-BF4B-00C04F79EFBC}") = "Wallet.Core.Test", "Wallet.Core.Test\Wallet.Core.Test.csproj", "{F0E1D2C3-B4A5-4658-9DEF-0123456789AB}"
EndProject
Global
	GlobalSection(SolutionConfigurationPlatforms) = preSolution
		Debug|Any CPU = Debug|Any CPU
		Release|Any CPU = Release|Any CPU
	EndGlobalSection
	GlobalSection(ProjectConfigurationPlatforms) = postSolution
		{C3D2A1F0-9E8D-4C7B-A6F5-4D3E2C1B0A98}.Debug|Any CPU.ActiveCfg = Debug|Any CPU
		{C3D2A1F0-9E8D-4C7B-A6F5-4D3E2C1B0A98}.Debug|Any CPU.Build.0 = Debug|Any CPU
		{C3D2A1F0-9E8D-4C7B-A6F5-4D3E2C1B0A98}.Release|Any CPU.ActiveCfg = Release|Any CPU
		{C3D2A1F0-9E8D-4C7B-A6F5-4D3E2C1B0A98}.Release|Any CPU.Build.0 = Release|Any CPU
		{B86D5E7B-9372-412D-8083-5397637C61BF}.Debug|Any CPU.ActiveCfg = Debug|Any CPU
		{B86D5E7B-9372-412D-8083-5397637C61BF}.Debug|Any CPU.Build.0 = Debug|Any CPU
		{B86D5E7B-9372-412D-8083-5397637C61BF}.Release|Any CPU.ActiveCfg = Release|Any CPU
		{B86D5E7B-9372-412D-8083-5397637C61BF}.Release|Any CPU.Build.0 = Release|Any CPU
		{A1B2C3D4-E5F6-4789-A012-3456789ABCDE}.Debug|Any CPU.ActiveCfg = Debug|Any CPU
		{A1B2C3D4-E5F6-4789-A012-3456789ABCDE}.Debug|Any CPU.Build.0 = Debug|Any CPU
		{A1B2C3D4-E5F6-4789-A012-3456789ABCDE}.Release|Any CPU.ActiveCfg = Release|Any CPU
		{A1B2C3D4-E5F6-4789-A012-3456789ABCDE}.Release|Any CPU.Build.0 = Release|Any CPU
		{F0E1D2C3-B4A5-4658-9DEF-0123456789AB}.Debug|Any CPU.ActiveCfg = Debug|Any CPU
		{F0E1D2C3-B4A5-4658-9DEF-0123456789AB}.Debug|Any CPU.Build.0 = Debug|Any CPU
		{F0E1D2C3-B4A5-4658-9DEF-0123456789AB}.Release|Any CPU.ActiveCfg = Release|Any CPU
		{F0E1D2C3-B4A5-4658-9DEF-0123456789AB}.Release|Any CPU.Build.0 = Release|Any CPU
	EndGlobalSection
	GlobalSection(SolutionProperties) = preSolution
		HideSolutionNode = FALSE
	EndGlobalSection
EndGlobal
